
Microsoft Visual Studio Solution File, Format Version 12.00
# Visual Studio Version 17
VisualStudioVersion = 17.6.33829.357
MinimumVisualStudioVersion = 10.0.40219.1
Project("{FAE04EC0-301F-11D3-BF4B-00C04F79EFBC}") = "StartupShutdownManager", "StartupShutdownManager.csproj", "{645A6061-050B-4FEE-B967-FE27F1788348}"
EndProject
Global
	GlobalSection(SolutionConfigurationPlatforms) = preSolution
		Debug|Any CPU = Debug|Any CPU
		Release|Any CPU = Release|Any CPU
	EndGlobalSection
	GlobalSection(ProjectConfigurationPlatforms) = postSolution
		{645A6061-050B-4FEE-B967-FE27F1788348}.Debug|Any CPU.ActiveCfg = Debug|Any CPU
		{645A6061-050B-4FEE-B967-FE27F1788348}.Debug|Any CPU.Build.0 = Debug|Any CPU
		{645A6061-050B-4FEE-B967-FE27F1788348}.Release|Any CPU.ActiveCfg = Release|Any CPU
		{645A6061-050B-4FEE-B967-FE27F1788348}.Release|Any CPU.Build.0 = Release|Any CPU
	EndGlobalSection
	GlobalSection(SolutionProperties) = preSolution
		HideSolutionNode = FALSE
	EndGlobalSection
	GlobalSection(ExtensibilityGlobals) = postSolution
		SolutionGuid = {CDBDCE2B-17FC-441D-B015-914A5D7E909A}
	EndGlobalSection
EndGlobal
